
Microsoft Visual Studio Solution File, Format Version 12.00
# Visual Studio Version 16
VisualStudioVersion = 16.0.30011.22
MinimumVisualStudioVersion = 10.0.40219.1
Project("{FAE04EC0-301F-11D3-BF4B-00C04F79EFBC}") = "PathSaver", "PathSaver\PathSaver.csproj", "{0D324296-9A94-4117-AD6A-12C23C6AEAB4}"
EndProject
Global
	GlobalSection(SolutionConfigurationPlatforms) = preSolution
		Debug|Any CPU = Debug|Any CPU
		Release|Any CPU = Release|Any CPU
	EndGlobalSection
	GlobalSection(ProjectConfigurationPlatforms) = postSolution
		{0D324296-9A94-4117-AD6A-12C23C6AEAB4}.Debug|Any CPU.ActiveCfg = Debug|Any CPU
		{0D324296-9A94-4117-AD6A-12C23C6AEAB4}.Debug|Any CPU.Build.0 = Debug|Any CPU
		{0D324296-9A94-4117-AD6A-12C23C6AEAB4}.Release|Any CPU.ActiveCfg = Release|Any CPU
		{0D324296-9A94-4117-AD6A-12C23C6AEAB4}.Release|Any CPU.Build.0 = Release|Any CPU
	EndGlobalSection
	GlobalSection(SolutionProperties) = preSolution
		HideSolutionNode = FALSE
	EndGlobalSection
	GlobalSection(ExtensibilityGlobals) = postSolution
		SolutionGuid = {14FEEAAE-81E2-49F3-8E42-272D67CC7338}
	EndGlobalSection
EndGlobal
